
Microsoft Visual Studio Solution File, Format Version 12.00
# Visual Studio 2012
Project("{FAE04EC0-301F-11D3-BF4B-00C04F79EFBC}") = "MSMQ_Transaction_Sample", "MSMQ_Transaction_Sample\MSMQ_Transaction_Sample.csproj", "{B132EA84-312C-4C0F-8FE9-6C1A5D0FCCC0}"
EndProject
Global
	GlobalSection(SolutionConfigurationPlatforms) = preSolution
		Debug|Any CPU = Debug|Any CPU
		Release|Any CPU = Release|Any CPU
	EndGlobalSection
	GlobalSection(ProjectConfigurationPlatforms) = postSolution
		{B132EA84-312C-4C0F-8FE9-6C1A5D0FCCC0}.Debug|Any CPU.ActiveCfg = Debug|Any CPU
		{B132EA84-312C-4C0F-8FE9-6C1A5D0FCCC0}.Debug|Any CPU.Build.0 = Debug|Any CPU
		{B132EA84-312C-4C0F-8FE9-6C1A5D0FCCC0}.Release|Any CPU.ActiveCfg = Release|Any CPU
		{B132EA84-312C-4C0F-8FE9-6C1A5D0FCCC0}.Release|Any CPU.Build.0 = Release|Any CPU
	EndGlobalSection
	GlobalSection(SolutionProperties) = preSolution
		HideSolutionNode = FALSE
	EndGlobalSection
EndGlobal
